
Microsoft Visual Studio Solution File, Format Version 12.00
# Visual Studio 2015
Project("{FAE04EC0-301F-11D3-BF4B-00C04F79EFBC}") = "unitychan.CSharp", "unitychan.CSharp.csproj", "{57D696D8-351B-0751-66AB-FB09BE7F98EB}"
EndProject
Project("{FAE04EC0-301F-11D3-BF4B-00C04F79EFBC}") = "unitychan.CSharp.Plugins", "unitychan.CSharp.Plugins.csproj", "{40A90468-3DED-6502-227D-81323AA4F766}"
EndProject
Global
	GlobalSection(SolutionConfigurationPlatforms) = preSolution
		Debug|Any CPU = Debug|Any CPU
		Release|Any CPU = Release|Any CPU
	EndGlobalSection
	GlobalSection(ProjectConfigurationPlatforms) = postSolution
		{57D696D8-351B-0751-66AB-FB09BE7F98EB}.Debug|Any CPU.ActiveCfg = Debug|Any CPU
		{57D696D8-351B-0751-66AB-FB09BE7F98EB}.Debug|Any CPU.Build.0 = Debug|Any CPU
		{57D696D8-351B-0751-66AB-FB09BE7F98EB}.Release|Any CPU.ActiveCfg = Release|Any CPU
		{57D696D8-351B-0751-66AB-FB09BE7F98EB}.Release|Any CPU.Build.0 = Release|Any CPU
		{40A90468-3DED-6502-227D-81323AA4F766}.Debug|Any CPU.ActiveCfg = Debug|Any CPU
		{40A90468-3DED-6502-227D-81323AA4F766}.Debug|Any CPU.Build.0 = Debug|Any CPU
		{40A90468-3DED-6502-227D-81323AA4F766}.Release|Any CPU.ActiveCfg = Release|Any CPU
		{40A90468-3DED-6502-227D-81323AA4F766}.Release|Any CPU.Build.0 = Release|Any CPU
	EndGlobalSection
	GlobalSection(SolutionProperties) = preSolution
		HideSolutionNode = FALSE
	EndGlobalSection
EndGlobal
